{
  "version": 4,
  "terraform_version": "1.16.1",
  "serial": 7,
  "lineage": "4811714a-e534-18b8-665f-af03affbf325",
  "outputs": {
    "s3_bucket_name": {
      "value": "shubham-singh-twenty-crm-storage-2026",
      "type": "string"
    },
    "s3_bucket_versioning": {
      "value": "Enabled",
      "type": "string"
    },
    "vpc_id": {
      "value": "vpc-0c241509159132524",
      "type": "string"
    }
  },
  "resources": [
    {
      "mode": "data",
      "type": "aws_iam_instance_profile",
      "name": "ec2_s3_profile",
      "provider": "provider[\"registry.terraform.io/hashicorp/aws\"]",
      "instances": [
        {
          "schema_version": 0,
          "attributes": {
            "arn": "arn:aws:iam::579138738751:instance-profile/EC2S3AccessRole",
            "create_date": "2026-09-10 05:04:00 +0000 UTC",
            "id": "AIPAYNV233I74V62DLWLH",
            "name": "EC2S3AccessRole",
            "path": "/",
            "role_arn": "arn:aws:iam::579138738751:role/EC2S3AccessRole",
            "role_id": "AROAYNV233I7V5ZH6NNPY",
            "role_name": "EC2S3AccessRole"
          },
          "sensitive_attributes": [],
          "identity_schema_version": 0
        }
      ]
    },
    {
      "mode": "data",
      "type": "aws_subnets",
      "name": "default",
      "provider": "provider[\"registry.terraform.io/hashicorp/aws\"]",
      "instances": [
        {
          "schema_version": 0,
          "attributes": {
            "filter": [
              {
                "name": "vpc-id",
                "values": [
                  "vpc-0c241509159132524"
                ]
              }
            ],
            "id": "us-east-1",
            "ids": [
              "subnet-078d52bfe579c74f2",
              "subnet-01c70bb1575c44cb0",
              "subnet-0937ebb78ba697604",
              "subnet-05defbfbcbbf25e7d",
              "subnet-0c6bba0e768ce1f0d",
              "subnet-00df5fa2bef88e251"
            ],
            "tags": null,
            "timeouts": null
          },
          "sensitive_attributes": [],
          "identity_schema_version": 0
        }
      ]
    },
    {
      "mode": "data",
      "type": "aws_vpc",
      "name": "default",
      "provider": "provider[\"registry.terraform.io/hashicorp/aws\"]",
      "instances": [
        {
          "schema_version": 0,
          "attributes": {
            "arn": "arn:aws:ec2:us-east-1:579138738751:vpc/vpc-0c241509159132524",
            "cidr_block": "172.31.0.0/16",
            "cidr_block_associations": [
              {
                "association_id": "vpc-cidr-assoc-0aa7cb7e911ae7b1c",
                "cidr_block": "172.31.0.0/16",
                "state": "associated"
              }
            ],
            "default": true,
            "dhcp_options_id": "dopt-09777b035a35d98fd",
            "enable_dns_hostnames": true,
            "enable_dns_support": true,
            "enable_network_address_usage_metrics": false,
            "filter": null,
            "id": "vpc-0c241509159132524",
            "instance_tenancy": "default",
            "ipv6_association_id": "",
            "ipv6_cidr_block": "",
            "main_route_table_id": "",
            "owner_id": "579138738751",
            "state": null,
            "tags": {},
            "timeouts": null
          },
          "sensitive_attributes": [],
          "identity_schema_version": 0
        }
      ]
    },
    {
      "mode": "managed",
      "type": "aws_security_group",
      "name": "twenty_crm",
      "provider": "provider[\"registry.terraform.io/hashicorp/aws\"]",
      "instances": [
        {
          "schema_version": 1,
          "attributes": {
            "arn": "arn:aws:ec2:us-east-1:579138738751:security-group/sg-00f17ea21905b2a04",
            "description": "Security group for shubham-singh-twenty-crm",
            "egress": [
              {
                "cidr_blocks": [
                  "0.0.0.0/0"
                ],
                "description": "All outbound",
                "from_port": 0,
                "ipv6_cidr_blocks": [],
                "prefix_list_ids": [],
                "protocol": "-1",
                "security_groups": [],
                "self": false,
                "to_port": 0
              }
            ],
            "id": "sg-00f17ea21905b2a04",
            "ingress": [
              {
                "cidr_blocks": [
                  "0.0.0.0/0"
                ],
                "description": "HTTP",
                "from_port": 80,
                "ipv6_cidr_blocks": [],
                "prefix_list_ids": [],
                "protocol": "tcp",
                "security_groups": [],
                "self": false,
                "to_port": 80
              },
              {
                "cidr_blocks": [
                  "0.0.0.0/0"
                ],
                "description": "SSH",
                "from_port": 22,
                "ipv6_cidr_blocks": [],
                "prefix_list_ids": [],
                "protocol": "tcp",
                "security_groups": [],
                "self": false,
                "to_port": 22
              },
              {
                "cidr_blocks": [
                  "0.0.0.0/0"
                ],
                "description": "Twenty CRM App port",
                "from_port": 2020,
                "ipv6_cidr_blocks": [],
                "prefix_list_ids": [],
                "protocol": "tcp",
                "security_groups": [],
                "self": false,
                "to_port": 2020
              }
            ],
            "name": "shubham-singh-twenty-crm-sg",
            "name_prefix": "",
            "owner_id": "579138738751",
            "revoke_rules_on_delete": false,
            "tags": {
              "Environment": "dev",
              "ManagedBy": "terraform",
              "Name": "shubham-singh-twenty-crm-sg",
              "Owner": "shubham-singh",
              "Project": "twenty-crm",
              "Task": "task-13"
            },
            "tags_all": {
              "Environment": "dev",
              "ManagedBy": "terraform",
              "Name": "shubham-singh-twenty-crm-sg",
              "Owner": "shubham-singh",
              "Project": "twenty-crm",
              "Task": "task-13"
            },
            "timeouts": null,
            "vpc_id": "vpc-0c241509159132524"
          },
          "sensitive_attributes": [],
          "identity_schema_version": 0,
          "private": "eyJlMmJmYjczMC1lY2FhLTExZTYtOGY4OC0zNDM2M2JjN2M0YzAiOnsiY3JlYXRlIjo2MDAwMDAwMDAwMDAsImRlbGV0ZSI6OTAwMDAwMDAwMDAwfSwic2NoZW1hX3ZlcnNpb24iOiIxIn0=",
          "dependencies": [
            "data.aws_vpc.default"
          ]
        }
      ]
    }
  ],
  "check_results": null
}
